
Microsoft Visual Studio Solution File, Format Version 12.00
# Visual Studio Version 16
VisualStudioVersion = 16.0.31424.327
MinimumVisualStudioVersion = 10.0.40219.1
Project("{FAE04EC0-301F-11D3-BF4B-00C04F79EFBC}") = "OnlineAuction", "OnlineAuction.csproj", "{4EA89A2A-02A6-45CC-90EC-6B50E15E6862}"
EndProject
Global
	GlobalSection(SolutionConfigurationPlatforms) = preSolution
		Debug|Any CPU = Debug|Any CPU
		Release|Any CPU = Release|Any CPU
	EndGlobalSection
	GlobalSection(ProjectConfigurationPlatforms) = postSolution
		{4EA89A2A-02A6-45CC-90EC-6B50E15E6862}.Debug|Any CPU.ActiveCfg = Debug|Any CPU
		{4EA89A2A-02A6-45CC-90EC-6B50E15E6862}.Debug|Any CPU.Build.0 = Debug|Any CPU
		{4EA89A2A-02A6-45CC-90EC-6B50E15E6862}.Release|Any CPU.ActiveCfg = Release|Any CPU
		{4EA89A2A-02A6-45CC-90EC-6B50E15E6862}.Release|Any CPU.Build.0 = Release|Any CPU
	EndGlobalSection
	GlobalSection(SolutionProperties) = preSolution
		HideSolutionNode = FALSE
	EndGlobalSection
	GlobalSection(ExtensibilityGlobals) = postSolution
		SolutionGuid = {CEC27645-1828-4036-948E-69C7EC829CBA}
	EndGlobalSection
EndGlobal
