
Microsoft Visual Studio Solution File, Format Version 12.00
# Visual Studio Version 16
VisualStudioVersion = 16.0.31727.386
MinimumVisualStudioVersion = 10.0.40219.1
Project("{9A19103F-16F7-4668-BE54-9A1E7A4F7556}") = "OnlineAutionAPI", "OnlineAutionAPI\OnlineAutionAPI.csproj", "{010488AB-16BA-4947-8BB3-10B142239BDC}"
EndProject
Project("{FAE04EC0-301F-11D3-BF4B-00C04F79EFBC}") = "OnlineAuctionMVC", "OnlineAuctionMVC\OnlineAuctionMVC.csproj", "{F32FD13C-D584-40D9-BB59-13E4D77B9185}"
EndProject
Global
	GlobalSection(SolutionConfigurationPlatforms) = preSolution
		Debug|Any CPU = Debug|Any CPU
		Release|Any CPU = Release|Any CPU
	EndGlobalSection
	GlobalSection(ProjectConfigurationPlatforms) = postSolution
		{010488AB-16BA-4947-8BB3-10B142239BDC}.Debug|Any CPU.ActiveCfg = Debug|Any CPU
		{010488AB-16BA-4947-8BB3-10B142239BDC}.Debug|Any CPU.Build.0 = Debug|Any CPU
		{010488AB-16BA-4947-8BB3-10B142239BDC}.Release|Any CPU.ActiveCfg = Release|Any CPU
		{010488AB-16BA-4947-8BB3-10B142239BDC}.Release|Any CPU.Build.0 = Release|Any CPU
		{F32FD13C-D584-40D9-BB59-13E4D77B9185}.Debug|Any CPU.ActiveCfg = Debug|Any CPU
		{F32FD13C-D584-40D9-BB59-13E4D77B9185}.Debug|Any CPU.Build.0 = Debug|Any CPU
		{F32FD13C-D584-40D9-BB59-13E4D77B9185}.Release|Any CPU.ActiveCfg = Release|Any CPU
		{F32FD13C-D584-40D9-BB59-13E4D77B9185}.Release|Any CPU.Build.0 = Release|Any CPU
	EndGlobalSection
	GlobalSection(SolutionProperties) = preSolution
		HideSolutionNode = FALSE
	EndGlobalSection
	GlobalSection(ExtensibilityGlobals) = postSolution
		SolutionGuid = {CBC1295B-0156-44D4-9AB9-DC9D56BD931D}
	EndGlobalSection
EndGlobal
